
Microsoft Visual Studio Solution File, Format Version 12.00
# Visual Studio 15
VisualStudioVersion = 15.0.28010.2046
MinimumVisualStudioVersion = 10.0.40219.1
Project("{FAE04EC0-301F-11D3-BF4B-00C04F79EFBC}") = "Project1025-1", "Project1025-1\Project1025-1.csproj", "{C8591B41-A969-4F9F-8359-037795A65989}"
EndProject
Project("{FAE04EC0-301F-11D3-BF4B-00C04F79EFBC}") = "DockPanelTest", "DockPanelTest\DockPanelTest.csproj", "{1566255F-8421-47E6-B884-1C035FAEB5F7}"
EndProject
Global
	GlobalSection(SolutionConfigurationPlatforms) = preSolution
		Debug|Any CPU = Debug|Any CPU
		Release|Any CPU = Release|Any CPU
	EndGlobalSection
	GlobalSection(ProjectConfigurationPlatforms) = postSolution
		{C8591B41-A969-4F9F-8359-037795A65989}.Debug|Any CPU.ActiveCfg = Debug|Any CPU
		{C8591B41-A969-4F9F-8359-037795A65989}.Debug|Any CPU.Build.0 = Debug|Any CPU
		{C8591B41-A969-4F9F-8359-037795A65989}.Release|Any CPU.ActiveCfg = Release|Any CPU
		{C8591B41-A969-4F9F-8359-037795A65989}.Release|Any CPU.Build.0 = Release|Any CPU
		{1566255F-8421-47E6-B884-1C035FAEB5F7}.Debug|Any CPU.ActiveCfg = Debug|Any CPU
		{1566255F-8421-47E6-B884-1C035FAEB5F7}.Debug|Any CPU.Build.0 = Debug|Any CPU
		{1566255F-8421-47E6-B884-1C035FAEB5F7}.Release|Any CPU.ActiveCfg = Release|Any CPU
		{1566255F-8421-47E6-B884-1C035FAEB5F7}.Release|Any CPU.Build.0 = Release|Any CPU
	EndGlobalSection
	GlobalSection(SolutionProperties) = preSolution
		HideSolutionNode = FALSE
	EndGlobalSection
	GlobalSection(ExtensibilityGlobals) = postSolution
		SolutionGuid = {CF2DF1F5-9238-4A20-A3A0-9F5251E02252}
	EndGlobalSection
EndGlobal
